
Microsoft Visual Studio Solution File, Format Version 12.00
# Visual Studio Version 17
VisualStudioVersion = 17.14.36414.22 d17.14
MinimumVisualStudioVersion = 10.0.40219.1
Project("{FAE04EC0-301F-11D3-BF4B-00C04F79EFBC}") = "CommandLib", "CommandLib\CommandLib.csproj", "{566C59D7-5754-4271-B59E-4C89ED51A1CA}"
EndProject
Project("{FAE04EC0-301F-11D3-BF4B-00C04F79EFBC}") = "FileSystemCommands", "FileSystemCommands\FileSystemCommands.csproj", "{A8C339DE-DC2A-42E4-A72D-3CCD1492C9EE}"
EndProject
Project("{FAE04EC0-301F-11D3-BF4B-00C04F79EFBC}") = "CommandRunner", "CommandRunner\CommandRunner.csproj", "{1B2B117D-EB15-4B27-89C3-434823C63BB5}"
EndProject
Project("{FAE04EC0-301F-11D3-BF4B-00C04F79EFBC}") = "task08tests", "task08tests\task08tests.csproj", "{6AD2B24F-3B6D-4771-BBC9-2E96F53F0B43}"
EndProject
Global
	GlobalSection(SolutionConfigurationPlatforms) = preSolution
		Debug|Any CPU = Debug|Any CPU
		Release|Any CPU = Release|Any CPU
	EndGlobalSection
	GlobalSection(ProjectConfigurationPlatforms) = postSolution
		{566C59D7-5754-4271-B59E-4C89ED51A1CA}.Debug|Any CPU.ActiveCfg = Debug|Any CPU
		{566C59D7-5754-4271-B59E-4C89ED51A1CA}.Debug|Any CPU.Build.0 = Debug|Any CPU
		{566C59D7-5754-4271-B59E-4C89ED51A1CA}.Release|Any CPU.ActiveCfg = Release|Any CPU
		{566C59D7-5754-4271-B59E-4C89ED51A1CA}.Release|Any CPU.Build.0 = Release|Any CPU
		{A8C339DE-DC2A-42E4-A72D-3CCD1492C9EE}.Debug|Any CPU.ActiveCfg = Debug|Any CPU
		{A8C339DE-DC2A-42E4-A72D-3CCD1492C9EE}.Debug|Any CPU.Build.0 = Debug|Any CPU
		{A8C339DE-DC2A-42E4-A72D-3CCD1492C9EE}.Release|Any CPU.ActiveCfg = Release|Any CPU
		{A8C339DE-DC2A-42E4-A72D-3CCD1492C9EE}.Release|Any CPU.Build.0 = Release|Any CPU
		{1B2B117D-EB15-4B27-89C3-434823C63BB5}.Debug|Any CPU.ActiveCfg = Debug|Any CPU
		{1B2B117D-EB15-4B27-89C3-434823C63BB5}.Debug|Any CPU.Build.0 = Debug|Any CPU
		{1B2B117D-EB15-4B27-89C3-434823C63BB5}.Release|Any CPU.ActiveCfg = Release|Any CPU
		{1B2B117D-EB15-4B27-89C3-434823C63BB5}.Release|Any CPU.Build.0 = Release|Any CPU
		{6AD2B24F-3B6D-4771-BBC9-2E96F53F0B43}.Debug|Any CPU.ActiveCfg = Debug|Any CPU
		{6AD2B24F-3B6D-4771-BBC9-2E96F53F0B43}.Debug|Any CPU.Build.0 = Debug|Any CPU
		{6AD2B24F-3B6D-4771-BBC9-2E96F53F0B43}.Release|Any CPU.ActiveCfg = Release|Any CPU
		{6AD2B24F-3B6D-4771-BBC9-2E96F53F0B43}.Release|Any CPU.Build.0 = Release|Any CPU
	EndGlobalSection
	GlobalSection(SolutionProperties) = preSolution
		HideSolutionNode = FALSE
	EndGlobalSection
	GlobalSection(ExtensibilityGlobals) = postSolution
		SolutionGuid = {DC198FCF-326C-44B9-9C94-14476579DE72}
	EndGlobalSection
EndGlobal
