
Microsoft Visual Studio Solution File, Format Version 12.00
# Visual Studio Version 17
VisualStudioVersion = 17.14.36414.22 d17.14
MinimumVisualStudioVersion = 10.0.40219.1
Project("{FAE04EC0-301F-11D3-BF4B-00C04F79EFBC}") = "task11", "task11\task11.csproj", "{98933570-BF84-4AAA-A318-2C77DD6499B0}"
EndProject
Project("{FAE04EC0-301F-11D3-BF4B-00C04F79EFBC}") = "task11tests", "task11tests\task11tests.csproj", "{011F1E07-E0D5-4349-B949-1FCF7702FB07}"
EndProject
Global
	GlobalSection(SolutionConfigurationPlatforms) = preSolution
		Debug|Any CPU = Debug|Any CPU
		Release|Any CPU = Release|Any CPU
	EndGlobalSection
	GlobalSection(ProjectConfigurationPlatforms) = postSolution
		{98933570-BF84-4AAA-A318-2C77DD6499B0}.Debug|Any CPU.ActiveCfg = Debug|Any CPU
		{98933570-BF84-4AAA-A318-2C77DD6499B0}.Debug|Any CPU.Build.0 = Debug|Any CPU
		{98933570-BF84-4AAA-A318-2C77DD6499B0}.Release|Any CPU.ActiveCfg = Release|Any CPU
		{98933570-BF84-4AAA-A318-2C77DD6499B0}.Release|Any CPU.Build.0 = Release|Any CPU
		{011F1E07-E0D5-4349-B949-1FCF7702FB07}.Debug|Any CPU.ActiveCfg = Debug|Any CPU
		{011F1E07-E0D5-4349-B949-1FCF7702FB07}.Debug|Any CPU.Build.0 = Debug|Any CPU
		{011F1E07-E0D5-4349-B949-1FCF7702FB07}.Release|Any CPU.ActiveCfg = Release|Any CPU
		{011F1E07-E0D5-4349-B949-1FCF7702FB07}.Release|Any CPU.Build.0 = Release|Any CPU
	EndGlobalSection
	GlobalSection(SolutionProperties) = preSolution
		HideSolutionNode = FALSE
	EndGlobalSection
	GlobalSection(ExtensibilityGlobals) = postSolution
		SolutionGuid = {8325E507-2048-4AFE-A378-CBED292718AB}
	EndGlobalSection
EndGlobal
